
Microsoft Visual Studio Solution File, Format Version 12.00
# Visual Studio Version 16
VisualStudioVersion = 16.0.31205.134
MinimumVisualStudioVersion = 10.0.40219.1
Project("{FAE04EC0-301F-11D3-BF4B-00C04F79EFBC}") = "WpfApp4", "WpfApp4.csproj", "{57330F0B-B6DD-463E-B4E2-DEDA2177DC71}"
EndProject
Global
	GlobalSection(SolutionConfigurationPlatforms) = preSolution
		Debug|Any CPU = Debug|Any CPU
		Release|Any CPU = Release|Any CPU
	EndGlobalSection
	GlobalSection(ProjectConfigurationPlatforms) = postSolution
		{57330F0B-B6DD-463E-B4E2-DEDA2177DC71}.Debug|Any CPU.ActiveCfg = Debug|Any CPU
		{57330F0B-B6DD-463E-B4E2-DEDA2177DC71}.Debug|Any CPU.Build.0 = Debug|Any CPU
		{57330F0B-B6DD-463E-B4E2-DEDA2177DC71}.Release|Any CPU.ActiveCfg = Release|Any CPU
		{57330F0B-B6DD-463E-B4E2-DEDA2177DC71}.Release|Any CPU.Build.0 = Release|Any CPU
	EndGlobalSection
	GlobalSection(SolutionProperties) = preSolution
		HideSolutionNode = FALSE
	EndGlobalSection
	GlobalSection(ExtensibilityGlobals) = postSolution
		SolutionGuid = {55A35681-44D5-4A18-9209-54CD6CD99954}
	EndGlobalSection
EndGlobal
